{
  "name": "res-pareto-https",
  "version": "0.23.0",
  "lockfileVersion": 2,
  "requires": true,
  "packages": {
    "": {
      "name": "res-pareto-https",
      "version": "0.23.0",
      "license": "ISC",
      "dependencies": {
        "api-pareto-https": "^0.7.0",
        "pareto-core-internals": "^0.8.0"
      },
      "devDependencies": {
        "@types/node": "^18.11.9"
      }
    },
    "node_modules/@types/node": {
      "version": "18.11.9",
      "resolved": "https://registry.npmjs.org/@types/node/-/node-18.11.9.tgz",
      "integrity": "sha512-CRpX21/kGdzjOpFsZSkcrXMGIBWMGNIHXXBVFSH+ggkftxg+XYP20TESbh+zFvFj3EQOl5byk0HTRn1IL6hbqg==",
      "dev": true
    },
    "node_modules/api-pareto-https": {
      "version": "0.7.0",
      "resolved": "https://registry.npmjs.org/api-pareto-https/-/api-pareto-https-0.7.0.tgz",
      "integrity": "sha512-DhOAM2mll0gtVd07dSCkZaZsICXWMMgV/CzSc0AfMh6yozJzUYm1KnYnBOp6e0T4GFb4z3OntFlkP1upz9qFFQ==",
      "dependencies": {
        "pareto-core-types": "^0.6.0"
      }
    },
    "node_modules/pareto-core-internals": {
      "version": "0.8.0",
      "resolved": "https://registry.npmjs.org/pareto-core-internals/-/pareto-core-internals-0.8.0.tgz",
      "integrity": "sha512-T6uyarcFcODa8bRF/zLoAjMwNSyaY+Xsmv/lI5OipQQ2hnujCUx7XVT8+uveOgZ4kzKctRwbnfKRcVEcRgKSfQ==",
      "dependencies": {
        "pareto-core-types": "^0.6.0"
      }
    },
    "node_modules/pareto-core-types": {
      "version": "0.6.0",
      "resolved": "https://registry.npmjs.org/pareto-core-types/-/pareto-core-types-0.6.0.tgz",
      "integrity": "sha512-q9M6w+M6kgJBaroffQto9oRqsBKDpYI+JbJgO+7wVUx5QPew9kEsdevkNfjPPPWhq0grRg9Nj3t2gQy6wXyL2g=="
    }
  },
  "dependencies": {
    "@types/node": {
      "version": "18.11.9",
      "resolved": "https://registry.npmjs.org/@types/node/-/node-18.11.9.tgz",
      "integrity": "sha512-CRpX21/kGdzjOpFsZSkcrXMGIBWMGNIHXXBVFSH+ggkftxg+XYP20TESbh+zFvFj3EQOl5byk0HTRn1IL6hbqg==",
      "dev": true
    },
    "api-pareto-https": {
      "version": "0.7.0",
      "resolved": "https://registry.npmjs.org/api-pareto-https/-/api-pareto-https-0.7.0.tgz",
      "integrity": "sha512-DhOAM2mll0gtVd07dSCkZaZsICXWMMgV/CzSc0AfMh6yozJzUYm1KnYnBOp6e0T4GFb4z3OntFlkP1upz9qFFQ==",
      "requires": {
        "pareto-core-types": "^0.6.0"
      }
    },
    "pareto-core-internals": {
      "version": "0.8.0",
      "resolved": "https://registry.npmjs.org/pareto-core-internals/-/pareto-core-internals-0.8.0.tgz",
      "integrity": "sha512-T6uyarcFcODa8bRF/zLoAjMwNSyaY+Xsmv/lI5OipQQ2hnujCUx7XVT8+uveOgZ4kzKctRwbnfKRcVEcRgKSfQ==",
      "requires": {
        "pareto-core-types": "^0.6.0"
      }
    },
    "pareto-core-types": {
      "version": "0.6.0",
      "resolved": "https://registry.npmjs.org/pareto-core-types/-/pareto-core-types-0.6.0.tgz",
      "integrity": "sha512-q9M6w+M6kgJBaroffQto9oRqsBKDpYI+JbJgO+7wVUx5QPew9kEsdevkNfjPPPWhq0grRg9Nj3t2gQy6wXyL2g=="
    }
  }
}
